{
  "version": 4,
  "terraform_version": "0.12.24",
  "serial": 17,
  "lineage": "a62edb64-70b0-570e-b36e-d37707a841b7",
  "outputs": {
    "web_server_private_ip": {
      "value": {
        "eu-west-1c": [
          "172.31.0.80",
          "172.31.14.218",
          "172.31.5.208",
          "172.31.14.82"
        ]
      },
      "type": [
        "object",
        {
          "eu-west-1c": [
            "tuple",
            [
              "string",
              "string",
              "string",
              "string"
            ]
          ]
        }
      ]
    },
    "web_server_public_ip": {
      "value": {
        "eu-west-1c": [
          "63.33.60.130",
          "34.244.75.255",
          "3.249.227.247",
          "3.250.187.6"
        ]
      },
      "type": [
        "object",
        {
          "eu-west-1c": [
            "tuple",
            [
              "string",
              "string",
              "string",
              "string"
            ]
          ]
        }
      ]
    }
  },
  "resources": [
    {
      "mode": "managed",
      "type": "aws_instance",
      "name": "web-server",
      "each": "list",
      "provider": "provider.aws",
      "instances": [
        {
          "index_key": 0,
          "schema_version": 1,
          "attributes": {
            "ami": "ami-0dad359ff462124ca",
            "arn": "arn:aws:ec2:eu-west-1:743841807458:instance/i-0c9319276d72faf1d",
            "associate_public_ip_address": true,
            "availability_zone": "eu-west-1c",
            "cpu_core_count": 1,
            "cpu_threads_per_core": 1,
            "credit_specification": [
              {
                "cpu_credits": "standard"
              }
            ],
            "disable_api_termination": false,
            "ebs_block_device": [],
            "ebs_optimized": false,
            "ephemeral_block_device": [],
            "get_password_data": false,
            "hibernation": false,
            "host_id": null,
            "iam_instance_profile": "",
            "id": "i-0c9319276d72faf1d",
            "instance_initiated_shutdown_behavior": null,
            "instance_state": "running",
            "instance_type": "t2.micro",
            "ipv6_address_count": 0,
            "ipv6_addresses": [],
            "key_name": "public_key",
            "metadata_options": [
              {
                "http_endpoint": "enabled",
                "http_put_response_hop_limit": 1,
                "http_tokens": "optional"
              }
            ],
            "monitoring": false,
            "network_interface": [],
            "network_interface_id": null,
            "outpost_arn": "",
            "password_data": "",
            "placement_group": "",
            "primary_network_interface_id": "eni-0e8521c968c324bf4",
            "private_dns": "ip-172-31-0-80.eu-west-1.compute.internal",
            "private_ip": "172.31.0.80",
            "public_dns": "ec2-63-33-60-130.eu-west-1.compute.amazonaws.com",
            "public_ip": "63.33.60.130",
            "root_block_device": [
              {
                "delete_on_termination": true,
                "device_name": "/dev/sda1",
                "encrypted": false,
                "iops": 100,
                "kms_key_id": "",
                "volume_id": "vol-0ed75a7b1add29b2c",
                "volume_size": 8,
                "volume_type": "gp2"
              }
            ],
            "security_groups": [
              "default"
            ],
            "source_dest_check": true,
            "subnet_id": "subnet-0c87f2451cfb2fd2e",
            "tags": {
              "Name": "web-1-v:0.1"
            },
            "tenancy": "default",
            "timeouts": null,
            "user_data": null,
            "user_data_base64": null,
            "volume_tags": {},
            "vpc_security_group_ids": [
              "sg-0b64addb12647703f"
            ]
          },
          "private": "eyJlMmJmYjczMC1lY2FhLTExZTYtOGY4OC0zNDM2M2JjN2M0YzAiOnsiY3JlYXRlIjo2MDAwMDAwMDAwMDAsImRlbGV0ZSI6MTIwMDAwMDAwMDAwMCwidXBkYXRlIjo2MDAwMDAwMDAwMDB9LCJzY2hlbWFfdmVyc2lvbiI6IjEifQ==",
          "dependencies": [
            "aws_key_pair.public_key"
          ]
        },
        {
          "index_key": 1,
          "schema_version": 1,
          "attributes": {
            "ami": "ami-0dad359ff462124ca",
            "arn": "arn:aws:ec2:eu-west-1:743841807458:instance/i-0cfb998163fd09168",
            "associate_public_ip_address": true,
            "availability_zone": "eu-west-1c",
            "cpu_core_count": 1,
            "cpu_threads_per_core": 1,
            "credit_specification": [
              {
                "cpu_credits": "standard"
              }
            ],
            "disable_api_termination": false,
            "ebs_block_device": [],
            "ebs_optimized": false,
            "ephemeral_block_device": [],
            "get_password_data": false,
            "hibernation": false,
            "host_id": null,
            "iam_instance_profile": "",
            "id": "i-0cfb998163fd09168",
            "instance_initiated_shutdown_behavior": null,
            "instance_state": "running",
            "instance_type": "t2.micro",
            "ipv6_address_count": 0,
            "ipv6_addresses": [],
            "key_name": "public_key",
            "metadata_options": [
              {
                "http_endpoint": "enabled",
                "http_put_response_hop_limit": 1,
                "http_tokens": "optional"
              }
            ],
            "monitoring": false,
            "network_interface": [],
            "network_interface_id": null,
            "outpost_arn": "",
            "password_data": "",
            "placement_group": "",
            "primary_network_interface_id": "eni-0bcf135ad41535606",
            "private_dns": "ip-172-31-14-218.eu-west-1.compute.internal",
            "private_ip": "172.31.14.218",
            "public_dns": "ec2-34-244-75-255.eu-west-1.compute.amazonaws.com",
            "public_ip": "34.244.75.255",
            "root_block_device": [
              {
                "delete_on_termination": true,
                "device_name": "/dev/sda1",
                "encrypted": false,
                "iops": 100,
                "kms_key_id": "",
                "volume_id": "vol-0a74ada29bf02c4eb",
                "volume_size": 8,
                "volume_type": "gp2"
              }
            ],
            "security_groups": [
              "default"
            ],
            "source_dest_check": true,
            "subnet_id": "subnet-0c87f2451cfb2fd2e",
            "tags": {
              "Name": "web-2-v:0.1"
            },
            "tenancy": "default",
            "timeouts": null,
            "user_data": null,
            "user_data_base64": null,
            "volume_tags": {},
            "vpc_security_group_ids": [
              "sg-0b64addb12647703f"
            ]
          },
          "private": "eyJlMmJmYjczMC1lY2FhLTExZTYtOGY4OC0zNDM2M2JjN2M0YzAiOnsiY3JlYXRlIjo2MDAwMDAwMDAwMDAsImRlbGV0ZSI6MTIwMDAwMDAwMDAwMCwidXBkYXRlIjo2MDAwMDAwMDAwMDB9LCJzY2hlbWFfdmVyc2lvbiI6IjEifQ==",
          "dependencies": [
            "aws_key_pair.public_key"
          ]
        },
        {
          "index_key": 2,
          "schema_version": 1,
          "attributes": {
            "ami": "ami-0dad359ff462124ca",
            "arn": "arn:aws:ec2:eu-west-1:743841807458:instance/i-03e40715a8dec0f86",
            "associate_public_ip_address": true,
            "availability_zone": "eu-west-1c",
            "cpu_core_count": 1,
            "cpu_threads_per_core": 1,
            "credit_specification": [
              {
                "cpu_credits": "standard"
              }
            ],
            "disable_api_termination": false,
            "ebs_block_device": [],
            "ebs_optimized": false,
            "ephemeral_block_device": [],
            "get_password_data": false,
            "hibernation": false,
            "host_id": null,
            "iam_instance_profile": "",
            "id": "i-03e40715a8dec0f86",
            "instance_initiated_shutdown_behavior": null,
            "instance_state": "running",
            "instance_type": "t2.micro",
            "ipv6_address_count": 0,
            "ipv6_addresses": [],
            "key_name": "public_key",
            "metadata_options": [
              {
                "http_endpoint": "enabled",
                "http_put_response_hop_limit": 1,
                "http_tokens": "optional"
              }
            ],
            "monitoring": false,
            "network_interface": [],
            "network_interface_id": null,
            "outpost_arn": "",
            "password_data": "",
            "placement_group": "",
            "primary_network_interface_id": "eni-010c525ee0425f153",
            "private_dns": "ip-172-31-5-208.eu-west-1.compute.internal",
            "private_ip": "172.31.5.208",
            "public_dns": "ec2-3-249-227-247.eu-west-1.compute.amazonaws.com",
            "public_ip": "3.249.227.247",
            "root_block_device": [
              {
                "delete_on_termination": true,
                "device_name": "/dev/sda1",
                "encrypted": false,
                "iops": 100,
                "kms_key_id": "",
                "volume_id": "vol-093b50898fde7d44b",
                "volume_size": 8,
                "volume_type": "gp2"
              }
            ],
            "security_groups": [
              "default"
            ],
            "source_dest_check": true,
            "subnet_id": "subnet-0c87f2451cfb2fd2e",
            "tags": {
              "Name": "web-3-v:0.1"
            },
            "tenancy": "default",
            "timeouts": null,
            "user_data": null,
            "user_data_base64": null,
            "volume_tags": {},
            "vpc_security_group_ids": [
              "sg-0b64addb12647703f"
            ]
          },
          "private": "eyJlMmJmYjczMC1lY2FhLTExZTYtOGY4OC0zNDM2M2JjN2M0YzAiOnsiY3JlYXRlIjo2MDAwMDAwMDAwMDAsImRlbGV0ZSI6MTIwMDAwMDAwMDAwMCwidXBkYXRlIjo2MDAwMDAwMDAwMDB9LCJzY2hlbWFfdmVyc2lvbiI6IjEifQ==",
          "dependencies": [
            "aws_key_pair.public_key"
          ]
        },
        {
          "index_key": 3,
          "schema_version": 1,
          "attributes": {
            "ami": "ami-0dad359ff462124ca",
            "arn": "arn:aws:ec2:eu-west-1:743841807458:instance/i-00d54688e2fe94e19",
            "associate_public_ip_address": true,
            "availability_zone": "eu-west-1c",
            "cpu_core_count": 1,
            "cpu_threads_per_core": 1,
            "credit_specification": [
              {
                "cpu_credits": "standard"
              }
            ],
            "disable_api_termination": false,
            "ebs_block_device": [],
            "ebs_optimized": false,
            "ephemeral_block_device": [],
            "get_password_data": false,
            "hibernation": false,
            "host_id": null,
            "iam_instance_profile": "",
            "id": "i-00d54688e2fe94e19",
            "instance_initiated_shutdown_behavior": null,
            "instance_state": "running",
            "instance_type": "t2.micro",
            "ipv6_address_count": 0,
            "ipv6_addresses": [],
            "key_name": "public_key",
            "metadata_options": [
              {
                "http_endpoint": "enabled",
                "http_put_response_hop_limit": 1,
                "http_tokens": "optional"
              }
            ],
            "monitoring": false,
            "network_interface": [],
            "network_interface_id": null,
            "outpost_arn": "",
            "password_data": "",
            "placement_group": "",
            "primary_network_interface_id": "eni-0f6bc218acf59ae1e",
            "private_dns": "ip-172-31-14-82.eu-west-1.compute.internal",
            "private_ip": "172.31.14.82",
            "public_dns": "ec2-3-250-187-6.eu-west-1.compute.amazonaws.com",
            "public_ip": "3.250.187.6",
            "root_block_device": [
              {
                "delete_on_termination": true,
                "device_name": "/dev/sda1",
                "encrypted": false,
                "iops": 100,
                "kms_key_id": "",
                "volume_id": "vol-0dad8a3e76e72f51b",
                "volume_size": 8,
                "volume_type": "gp2"
              }
            ],
            "security_groups": [
              "default"
            ],
            "source_dest_check": true,
            "subnet_id": "subnet-0c87f2451cfb2fd2e",
            "tags": {
              "Name": "web-4-v:0.1"
            },
            "tenancy": "default",
            "timeouts": null,
            "user_data": null,
            "user_data_base64": null,
            "volume_tags": {},
            "vpc_security_group_ids": [
              "sg-0b64addb12647703f"
            ]
          },
          "private": "eyJlMmJmYjczMC1lY2FhLTExZTYtOGY4OC0zNDM2M2JjN2M0YzAiOnsiY3JlYXRlIjo2MDAwMDAwMDAwMDAsImRlbGV0ZSI6MTIwMDAwMDAwMDAwMCwidXBkYXRlIjo2MDAwMDAwMDAwMDB9LCJzY2hlbWFfdmVyc2lvbiI6IjEifQ==",
          "dependencies": [
            "aws_key_pair.public_key"
          ]
        }
      ]
    },
    {
      "mode": "managed",
      "type": "aws_key_pair",
      "name": "public_key",
      "provider": "provider.aws",
      "instances": [
        {
          "schema_version": 1,
          "attributes": {
            "fingerprint": "c5:59:61:f9:44:54:b9:8b:12:d7:09:90:f7:f5:68:fd",
            "id": "public_key",
            "key_name": "public_key",
            "key_name_prefix": null,
            "key_pair_id": "key-08f921048c3c07621",
            "public_key": "ssh-rsa AAAAB3NzaC1yc2EAAAADAQABAAABAQDZAdeH2n+VWUdUN0REvOQWq+pkZCCG2N7zH8QK+uSkveh064izPLHrzqV8Y80YNfSbUCP1gS6heXE0EGMuL5bZKYHGw0rZMshRnqf7dgEQB8+qu3pZI6eZ5ulS9eVP3nFKNI0ul0NpNzwda5LMsiVMCNlN/CD55hQyG1O16bXczBbUTshhifQ0ABKyUf+z/jhRiuAGwuDPC6UZevZIo+9TtSPAKLA84Etzo1FsTOhN+rsbQCWZ+mZejrljBtlA4jAb5NUzltEXY8uvKRrk5dgkwtG4ig9wl8F5CoWsSJ7A4c4k3ta+bNZixE+BUAljfybq2ve3A+HqO9nIhXvejkB/",
            "tags": null
          },
          "private": "eyJzY2hlbWFfdmVyc2lvbiI6IjEifQ=="
        }
      ]
    }
  ]
}
