{
  "version": 4,
  "terraform_version": "0.12.24",
  "serial": 4,
  "lineage": "31324305-8248-8204-43e6-84f5334226a0",
  "outputs": {},
  "resources": [
    {
      "mode": "managed",
      "type": "aws_instance",
      "name": "web-server",
      "each": "list",
      "provider": "provider.aws",
      "instances": []
    },
    {
      "mode": "managed",
      "type": "aws_key_pair",
      "name": "public_key",
      "provider": "provider.aws",
      "instances": [
        {
          "schema_version": 1,
          "attributes": {
            "fingerprint": "c5:59:61:f9:44:54:b9:8b:12:d7:09:90:f7:f5:68:fd",
            "id": "public_key",
            "key_name": "public_key",
            "key_name_prefix": null,
            "key_pair_id": "key-03265d09ff352940e",
            "public_key": "ssh-rsa AAAAB3NzaC1yc2EAAAADAQABAAABAQDZAdeH2n+VWUdUN0REvOQWq+pkZCCG2N7zH8QK+uSkveh064izPLHrzqV8Y80YNfSbUCP1gS6heXE0EGMuL5bZKYHGw0rZMshRnqf7dgEQB8+qu3pZI6eZ5ulS9eVP3nFKNI0ul0NpNzwda5LMsiVMCNlN/CD55hQyG1O16bXczBbUTshhifQ0ABKyUf+z/jhRiuAGwuDPC6UZevZIo+9TtSPAKLA84Etzo1FsTOhN+rsbQCWZ+mZejrljBtlA4jAb5NUzltEXY8uvKRrk5dgkwtG4ig9wl8F5CoWsSJ7A4c4k3ta+bNZixE+BUAljfybq2ve3A+HqO9nIhXvejkB/",
            "tags": {}
          },
          "private": "eyJzY2hlbWFfdmVyc2lvbiI6IjEifQ=="
        }
      ]
    }
  ]
}
