{
  "version": 4,
  "terraform_version": "0.12.24",
  "serial": 5,
  "lineage": "31324305-8248-8204-43e6-84f5334226a0",
  "outputs": {},
  "resources": [
    {
      "mode": "managed",
      "type": "aws_instance",
      "name": "web-server",
      "each": "list",
      "provider": "provider.aws",
      "instances": [
        {
          "index_key": 0,
          "status": "tainted",
          "schema_version": 1,
          "attributes": {
            "ami": "ami-00edfb46b107f643c",
            "arn": "arn:aws:ec2:ap-northeast-2:743841807458:instance/i-05d07e630aaeb8e57",
            "associate_public_ip_address": true,
            "availability_zone": "ap-northeast-2c",
            "cpu_core_count": 1,
            "cpu_threads_per_core": 1,
            "credit_specification": [
              {
                "cpu_credits": "standard"
              }
            ],
            "disable_api_termination": false,
            "ebs_block_device": [],
            "ebs_optimized": false,
            "ephemeral_block_device": [],
            "get_password_data": false,
            "hibernation": false,
            "host_id": null,
            "iam_instance_profile": "",
            "id": "i-05d07e630aaeb8e57",
            "instance_initiated_shutdown_behavior": null,
            "instance_state": "running",
            "instance_type": "t2.micro",
            "ipv6_address_count": 0,
            "ipv6_addresses": [],
            "key_name": "public_key",
            "metadata_options": [
              {
                "http_endpoint": "enabled",
                "http_put_response_hop_limit": 1,
                "http_tokens": "optional"
              }
            ],
            "monitoring": false,
            "network_interface": [],
            "network_interface_id": null,
            "outpost_arn": "",
            "password_data": "",
            "placement_group": "",
            "primary_network_interface_id": "eni-04c2194fe15b0ff44",
            "private_dns": "ip-172-31-35-151.ap-northeast-2.compute.internal",
            "private_ip": "172.31.35.151",
            "public_dns": "ec2-54-180-98-70.ap-northeast-2.compute.amazonaws.com",
            "public_ip": "54.180.98.70",
            "root_block_device": [
              {
                "delete_on_termination": true,
                "device_name": "/dev/sda1",
                "encrypted": false,
                "iops": 100,
                "kms_key_id": "",
                "volume_id": "vol-00be98f753c140d95",
                "volume_size": 8,
                "volume_type": "gp2"
              }
            ],
            "security_groups": [
              "default"
            ],
            "source_dest_check": true,
            "subnet_id": "subnet-03bae807341f06990",
            "tags": {
              "Name": "web-1-v:0.1"
            },
            "tenancy": "default",
            "timeouts": null,
            "user_data": null,
            "user_data_base64": null,
            "volume_tags": {},
            "vpc_security_group_ids": [
              "sg-0871cb891b004cc8f"
            ]
          },
          "private": "eyJlMmJmYjczMC1lY2FhLTExZTYtOGY4OC0zNDM2M2JjN2M0YzAiOnsiY3JlYXRlIjo2MDAwMDAwMDAwMDAsImRlbGV0ZSI6MTIwMDAwMDAwMDAwMCwidXBkYXRlIjo2MDAwMDAwMDAwMDB9LCJzY2hlbWFfdmVyc2lvbiI6IjEifQ==",
          "dependencies": [
            "aws_key_pair.public_key"
          ]
        }
      ]
    },
    {
      "mode": "managed",
      "type": "aws_key_pair",
      "name": "public_key",
      "provider": "provider.aws",
      "instances": [
        {
          "schema_version": 1,
          "attributes": {
            "fingerprint": "c5:59:61:f9:44:54:b9:8b:12:d7:09:90:f7:f5:68:fd",
            "id": "public_key",
            "key_name": "public_key",
            "key_name_prefix": null,
            "key_pair_id": "key-03265d09ff352940e",
            "public_key": "ssh-rsa AAAAB3NzaC1yc2EAAAADAQABAAABAQDZAdeH2n+VWUdUN0REvOQWq+pkZCCG2N7zH8QK+uSkveh064izPLHrzqV8Y80YNfSbUCP1gS6heXE0EGMuL5bZKYHGw0rZMshRnqf7dgEQB8+qu3pZI6eZ5ulS9eVP3nFKNI0ul0NpNzwda5LMsiVMCNlN/CD55hQyG1O16bXczBbUTshhifQ0ABKyUf+z/jhRiuAGwuDPC6UZevZIo+9TtSPAKLA84Etzo1FsTOhN+rsbQCWZ+mZejrljBtlA4jAb5NUzltEXY8uvKRrk5dgkwtG4ig9wl8F5CoWsSJ7A4c4k3ta+bNZixE+BUAljfybq2ve3A+HqO9nIhXvejkB/",
            "tags": {}
          },
          "private": "eyJzY2hlbWFfdmVyc2lvbiI6IjEifQ=="
        }
      ]
    }
  ]
}
